
Microsoft Visual Studio Solution File, Format Version 12.00
# Visual Studio Version 17
VisualStudioVersion = 17.7.34221.43
MinimumVisualStudioVersion = 10.0.40219.1
Project("{FAE04EC0-301F-11D3-BF4B-00C04F79EFBC}") = "taskday3", "taskday3\taskday3.csproj", "{8218E1AF-107B-486A-B8AB-A85E1CAA3D40}"
EndProject
Global
	GlobalSection(SolutionConfigurationPlatforms) = preSolution
		Debug|Any CPU = Debug|Any CPU
		Release|Any CPU = Release|Any CPU
	EndGlobalSection
	GlobalSection(ProjectConfigurationPlatforms) = postSolution
		{8218E1AF-107B-486A-B8AB-A85E1CAA3D40}.Debug|Any CPU.ActiveCfg = Debug|Any CPU
		{8218E1AF-107B-486A-B8AB-A85E1CAA3D40}.Debug|Any CPU.Build.0 = Debug|Any CPU
		{8218E1AF-107B-486A-B8AB-A85E1CAA3D40}.Release|Any CPU.ActiveCfg = Release|Any CPU
		{8218E1AF-107B-486A-B8AB-A85E1CAA3D40}.Release|Any CPU.Build.0 = Release|Any CPU
	EndGlobalSection
	GlobalSection(SolutionProperties) = preSolution
		HideSolutionNode = FALSE
	EndGlobalSection
	GlobalSection(ExtensibilityGlobals) = postSolution
		SolutionGuid = {9E2C2DE2-2A41-4EC1-9972-8550C22F720F}
	EndGlobalSection
EndGlobal
